
Microsoft Visual Studio Solution File, Format Version 12.00
# Visual Studio Version 17
VisualStudioVersion = 17.9.34701.34
MinimumVisualStudioVersion = 10.0.40219.1
Project("{9A19103F-16F7-4668-BE54-9A1E7A4F7556}") = "HodladiWallet", "HodladiWallet.csproj", "{EE16B2AE-5C57-452C-B0E6-0E9A5E7565CF}"
EndProject
Global
	GlobalSection(SolutionConfigurationPlatforms) = preSolution
		Debug|Any CPU = Debug|Any CPU
		Release|Any CPU = Release|Any CPU
	EndGlobalSection
	GlobalSection(ProjectConfigurationPlatforms) = postSolution
		{EE16B2AE-5C57-452C-B0E6-0E9A5E7565CF}.Debug|Any CPU.ActiveCfg = Debug|Any CPU
		{EE16B2AE-5C57-452C-B0E6-0E9A5E7565CF}.Debug|Any CPU.Build.0 = Debug|Any CPU
		{EE16B2AE-5C57-452C-B0E6-0E9A5E7565CF}.Release|Any CPU.ActiveCfg = Release|Any CPU
		{EE16B2AE-5C57-452C-B0E6-0E9A5E7565CF}.Release|Any CPU.Build.0 = Release|Any CPU
	EndGlobalSection
	GlobalSection(SolutionProperties) = preSolution
		HideSolutionNode = FALSE
	EndGlobalSection
	GlobalSection(ExtensibilityGlobals) = postSolution
		SolutionGuid = {9FE9D115-99FE-4A44-9310-ADE8D60FB719}
	EndGlobalSection
EndGlobal
